// !$*UTF8*$!
{
	archiveVersion = 1;
	classes = {
	};
	objectVersion = 48;
	objects = {

/* Begin PBXBuildFile section */
		648DA2792297CD606E5C1EF2 /* Pods_pixel_city.framework in Frameworks */ = {isa = PBXBuildFile; fileRef = 172CE861A7CC3304CE03D7DB /* Pods_pixel_city.framework */; };
		742AF4CC1F7A592900540A47 /* AppDelegate.swift in Sources */ = {isa = PBXBuildFile; fileRef = 742AF4CB1F7A592900540A47 /* AppDelegate.swift */; };
		742AF4CE1F7A592900540A47 /* MapVC.swift in Sources */ = {isa = PBXBuildFile; fileRef = 742AF4CD1F7A592900540A47 /* MapVC.swift */; };
		742AF4D11F7A592900540A47 /* Main.storyboard in Resources */ = {isa = PBXBuildFile; fileRef = 742AF4CF1F7A592900540A47 /* Main.storyboard */; };
		742AF4D31F7A592900540A47 /* Assets.xcassets in Resources */ = {isa = PBXBuildFile; fileRef = 742AF4D21F7A592900540A47 /* Assets.xcassets */; };
		742AF4D61F7A592900540A47 /* LaunchScreen.storyboard in Resources */ = {isa = PBXBuildFile; fileRef = 742AF4D41F7A592900540A47 /* LaunchScreen.storyboard */; };
		74A411DF1F7BA5020030516E /* PhotoCell.swift in Sources */ = {isa = PBXBuildFile; fileRef = 74A411DE1F7BA5020030516E /* PhotoCell.swift */; };
		74D5692B1F7B8D43007B3A6A /* DroppablePin.swift in Sources */ = {isa = PBXBuildFile; fileRef = 74D5692A1F7B8D43007B3A6A /* DroppablePin.swift */; };
/* End PBXBuildFile section */

/* Begin PBXFileReference section */
		172CE861A7CC3304CE03D7DB /* Pods_pixel_city.framework */ = {isa = PBXFileReference; explicitFileType = wrapper.framework; includeInIndex = 0; path = Pods_pixel_city.framework; sourceTree = BUILT_PRODUCTS_DIR; };
		1FAE5B86D314A96760C8E74C /* Pods-pixel-city.release.xcconfig */ = {isa = PBXFileReference; includeInIndex = 1; lastKnownFileType = text.xcconfig; name = "Pods-pixel-city.release.xcconfig"; path = "Pods/Target Support Files/Pods-pixel-city/Pods-pixel-city.release.xcconfig"; sourceTree = "<group>"; };
		4D01AE6794717024EA8CD340 /* Pods-pixel-city.debug.xcconfig */ = {isa = PBXFileReference; includeInIndex = 1; lastKnownFileType = text.xcconfig; name = "Pods-pixel-city.debug.xcconfig"; path = "Pods/Target Support Files/Pods-pixel-city/Pods-pixel-city.debug.xcconfig"; sourceTree = "<group>"; };
		742AF4C81F7A592900540A47 /* pixel-city.app */ = {isa = PBXFileReference; explicitFileType = wrapper.application; includeInIndex = 0; path = "pixel-city.app"; sourceTree = BUILT_PRODUCTS_DIR; };
		742AF4CB1F7A592900540A47 /* AppDelegate.swift */ = {isa = PBXFileReference; lastKnownFileType = sourcecode.swift; path = AppDelegate.swift; sourceTree = "<group>"; };
		742AF4CD1F7A592900540A47 /* MapVC.swift */ = {isa = PBXFileReference; lastKnownFileType = sourcecode.swift; path = MapVC.swift; sourceTree = "<group>"; };
		742AF4D01F7A592900540A47 /* Base */ = {isa = PBXFileReference; lastKnownFileType = file.storyboard; name = Base; path = Base.lproj/Main.storyboard; sourceTree = "<group>"; };
		742AF4D21F7A592900540A47 /* Assets.xcassets */ = {isa = PBXFileReference; lastKnownFileType = folder.assetcatalog; path = Assets.xcassets; sourceTree = "<group>"; };
		742AF4D51F7A592900540A47 /* Base */ = {isa = PBXFileReference; lastKnownFileType = file.storyboard; name = Base; path = Base.lproj/LaunchScreen.storyboard; sourceTree = "<group>"; };
		742AF4D71F7A592900540A47 /* Info.plist */ = {isa = PBXFileReference; lastKnownFileType = text.plist.xml; path = Info.plist; sourceTree = "<group>"; };
		74A411DE1F7BA5020030516E /* PhotoCell.swift */ = {isa = PBXFileReference; lastKnownFileType = sourcecode.swift; path = PhotoCell.swift; sourceTree = "<group>"; };
		74D5692A1F7B8D43007B3A6A /* DroppablePin.swift */ = {isa = PBXFileReference; lastKnownFileType = sourcecode.swift; path = DroppablePin.swift; sourceTree = "<group>"; };
/* End PBXFileReference section */

/* Begin PBXFrameworksBuildPhase section */
		742AF4C51F7A592900540A47 /* Frameworks */ = {
			isa = PBXFrameworksBuildPhase;
			buildActionMask = 2147483647;
			files = (
				648DA2792297CD606E5C1EF2 /* Pods_pixel_city.framework in Frameworks */,
			);
			runOnlyForDeploymentPostprocessing = 0;
		};
/* End PBXFrameworksBuildPhase section */

/* Begin PBXGroup section */
		33C3AEF3B7DBC2FA2042FFEE /* Pods */ = {
			isa = PBXGroup;
			children = (
				4D01AE6794717024EA8CD340 /* Pods-pixel-city.debug.xcconfig */,
				1FAE5B86D314A96760C8E74C /* Pods-pixel-city.release.xcconfig */,
			);
			name = Pods;
			sourceTree = "<group>";
		};
		742AF4BF1F7A592900540A47 = {
			isa = PBXGroup;
			children = (
				742AF4CA1F7A592900540A47 /* pixel-city */,
				742AF4C91F7A592900540A47 /* Products */,
				33C3AEF3B7DBC2FA2042FFEE /* Pods */,
				882C0C5668B2D2CE55A8375F /* Frameworks */,
			);
			sourceTree = "<group>";
		};
		742AF4C91F7A592900540A47 /* Products */ = {
			isa = PBXGroup;
			children = (
				742AF4C81F7A592900540A47 /* pixel-city.app */,
			);
			name = Products;
			sourceTree = "<group>";
		};
		742AF4CA1F7A592900540A47 /* pixel-city */ = {
			isa = PBXGroup;
			children = (
				74E4B8531F7A5B0600B2F051 /* Utilities */,
				74E4B8521F7A5AFB00B2F051 /* Extensions */,
				74E4B8541F7A5B1A00B2F051 /* View */,
				74E4B8551F7A5B2700B2F051 /* Controller */,
				742AF4CB1F7A592900540A47 /* AppDelegate.swift */,
				742AF4CF1F7A592900540A47 /* Main.storyboard */,
				742AF4D21F7A592900540A47 /* Assets.xcassets */,
				742AF4D41F7A592900540A47 /* LaunchScreen.storyboard */,
				742AF4D71F7A592900540A47 /* Info.plist */,
			);
			path = "pixel-city";
			sourceTree = "<group>";
		};
		74E4B8521F7A5AFB00B2F051 /* Extensions */ = {
			isa = PBXGroup;
			children = (
			);
			path = Extensions;
			sourceTree = "<group>";
		};
		74E4B8531F7A5B0600B2F051 /* Utilities */ = {
			isa = PBXGroup;
			children = (
			);
			path = Utilities;
			sourceTree = "<group>";
		};
		74E4B8541F7A5B1A00B2F051 /* View */ = {
			isa = PBXGroup;
			children = (
				74D5692A1F7B8D43007B3A6A /* DroppablePin.swift */,
				74A411DE1F7BA5020030516E /* PhotoCell.swift */,
			);
			path = View;
			sourceTree = "<group>";
		};
		74E4B8551F7A5B2700B2F051 /* Controller */ = {
			isa = PBXGroup;
			children = (
				742AF4CD1F7A592900540A47 /* MapVC.swift */,
			);
			path = Controller;
			sourceTree = "<group>";
		};
		882C0C5668B2D2CE55A8375F /* Frameworks */ = {
			isa = PBXGroup;
			children = (
				172CE861A7CC3304CE03D7DB /* Pods_pixel_city.framework */,
			);
			name = Frameworks;
			sourceTree = "<group>";
		};
/* End PBXGroup section */

/* Begin PBXNativeTarget section */
		742AF4C71F7A592900540A47 /* pixel-city */ = {
			isa = PBXNativeTarget;
			buildConfigurationList = 742AF4DA1F7A592900540A47 /* Build configuration list for PBXNativeTarget "pixel-city" */;
			buildPhases = (
				5430ABF5661DC90C1CE2FDB7 /* [CP] Check Pods Manifest.lock */,
				742AF4C41F7A592900540A47 /* Sources */,
				742AF4C51F7A592900540A47 /* Frameworks */,
				742AF4C61F7A592900540A47 /* Resources */,
				789B29C9FB9482C049C4CCE6 /* [CP] Embed Pods Frameworks */,
				525F548E4C627EB610D9CCD6 /* [CP] Copy Pods Resources */,
			);
			buildRules = (
			);
			dependencies = (
			);
			name = "pixel-city";
			productName = "pixel-city";
			productReference = 742AF4C81F7A592900540A47 /* pixel-city.app */;
			productType = "com.apple.product-type.application";
		};
/* End PBXNativeTarget section */

/* Begin PBXProject section */
		742AF4C01F7A592900540A47 /* Project object */ = {
			isa = PBXProject;
			attributes = {
				LastSwiftUpdateCheck = 0900;
				LastUpgradeCheck = 0900;
				ORGANIZATIONNAME = "Justin Seymour";
				TargetAttributes = {
					742AF4C71F7A592900540A47 = {
						CreatedOnToolsVersion = 9.0;
					};
				};
			};
			buildConfigurationList = 742AF4C31F7A592900540A47 /* Build configuration list for PBXProject "pixel-city" */;
			compatibilityVersion = "Xcode 8.0";
			developmentRegion = en;
			hasScannedForEncodings = 0;
			knownRegions = (
				en,
				Base,
			);
			mainGroup = 742AF4BF1F7A592900540A47;
			productRefGroup = 742AF4C91F7A592900540A47 /* Products */;
			projectDirPath = "";
			projectRoot = "";
			targets = (
				742AF4C71F7A592900540A47 /* pixel-city */,
			);
		};
/* End PBXProject section */

/* Begin PBXResourcesBuildPhase section */
		742AF4C61F7A592900540A47 /* Resources */ = {
			isa = PBXResourcesBuildPhase;
			buildActionMask = 2147483647;
			files = (
				742AF4D61F7A592900540A47 /* LaunchScreen.storyboard in Resources */,
				742AF4D31F7A592900540A47 /* Assets.xcassets in Resources */,
				742AF4D11F7A592900540A47 /* Main.storyboard in Resources */,
			);
			runOnlyForDeploymentPostprocessing = 0;
		};
/* End PBXResourcesBuildPhase section */

/* Begin PBXShellScriptBuildPhase section */
		525F548E4C627EB610D9CCD6 /* [CP] Copy Pods Resources */ = {
			isa = PBXShellScriptBuildPhase;
			buildActionMask = 2147483647;
			files = (
			);
			inputPaths = (
			);
			name = "[CP] Copy Pods Resources";
			outputPaths = (
			);
			runOnlyForDeploymentPostprocessing = 0;
			shellPath = /bin/sh;
			shellScript = "\"${SRCROOT}/Pods/Target Support Files/Pods-pixel-city/Pods-pixel-city-resources.sh\"\n";
			showEnvVarsInLog = 0;
		};
		5430ABF5661DC90C1CE2FDB7 /* [CP] Check Pods Manifest.lock */ = {
			isa = PBXShellScriptBuildPhase;
			buildActionMask = 2147483647;
			files = (
			);
			inputPaths = (
			);
			name = "[CP] Check Pods Manifest.lock";
			outputPaths = (
			);
			runOnlyForDeploymentPostprocessing = 0;
			shellPath = /bin/sh;
			shellScript = "diff \"${PODS_ROOT}/../Podfile.lock\" \"${PODS_ROOT}/Manifest.lock\" > /dev/null\nif [ $? != 0 ] ; then\n    # print error to STDERR\n    echo \"error: The sandbox is not in sync with the Podfile.lock. Run 'pod install' or update your CocoaPods installation.\" >&2\n    exit 1\nfi\n";
			showEnvVarsInLog = 0;
		};
		789B29C9FB9482C049C4CCE6 /* [CP] Embed Pods Frameworks */ = {
			isa = PBXShellScriptBuildPhase;
			buildActionMask = 2147483647;
			files = (
			);
			inputPaths = (
			);
			name = "[CP] Embed Pods Frameworks";
			outputPaths = (
			);
			runOnlyForDeploymentPostprocessing = 0;
			shellPath = /bin/sh;
			shellScript = "\"${SRCROOT}/Pods/Target Support Files/Pods-pixel-city/Pods-pixel-city-frameworks.sh\"\n";
			showEnvVarsInLog = 0;
		};
/* End PBXShellScriptBuildPhase section */

/* Begin PBXSourcesBuildPhase section */
		742AF4C41F7A592900540A47 /* Sources */ = {
			isa = PBXSourcesBuildPhase;
			buildActionMask = 2147483647;
			files = (
				74A411DF1F7BA5020030516E /* PhotoCell.swift in Sources */,
				742AF4CE1F7A592900540A47 /* MapVC.swift in Sources */,
				74D5692B1F7B8D43007B3A6A /* DroppablePin.swift in Sources */,
				742AF4CC1F7A592900540A47 /* AppDelegate.swift in Sources */,
			);
			runOnlyForDeploymentPostprocessing = 0;
		};
/* End PBXSourcesBuildPhase section */

/* Begin PBXVariantGroup section */
		742AF4CF1F7A592900540A47 /* Main.storyboard */ = {
			isa = PBXVariantGroup;
			children = (
				742AF4D01F7A592900540A47 /* Base */,
			);
			name = Main.storyboard;
			sourceTree = "<group>";
		};
		742AF4D41F7A592900540A47 /* LaunchScreen.storyboard */ = {
			isa = PBXVariantGroup;
			children = (
				742AF4D51F7A592900540A47 /* Base */,
			);
			name = LaunchScreen.storyboard;
			sourceTree = "<group>";
		};
/* End PBXVariantGroup section */

/* Begin XCBuildConfiguration section */
		742AF4D81F7A592900540A47 /* Debug */ = {
			isa = XCBuildConfiguration;
			buildSettings = {
				ALWAYS_SEARCH_USER_PATHS = NO;
				CLANG_ANALYZER_NONNULL = YES;
				CLANG_ANALYZER_NUMBER_OBJECT_CONVERSION = YES_AGGRESSIVE;
				CLANG_CXX_LANGUAGE_STANDARD = "gnu++14";
				CLANG_CXX_LIBRARY = "libc++";
				CLANG_ENABLE_MODULES = YES;
				CLANG_ENABLE_OBJC_ARC = YES;
				CLANG_WARN_BLOCK_CAPTURE_AUTORELEASING = YES;
				CLANG_WARN_BOOL_CONVERSION = YES;
				CLANG_WARN_COMMA = YES;
				CLANG_WARN_CONSTANT_CONVERSION = YES;
				CLANG_WARN_DIRECT_OBJC_ISA_USAGE = YES_ERROR;
				CLANG_WARN_DOCUMENTATION_COMMENTS = YES;
				CLANG_WARN_EMPTY_BODY = YES;
				CLANG_WARN_ENUM_CONVERSION = YES;
				CLANG_WARN_INFINITE_RECURSION = YES;
				CLANG_WARN_INT_CONVERSION = YES;
				CLANG_WARN_NON_LITERAL_NULL_CONVERSION = YES;
				CLANG_WARN_OBJC_LITERAL_CONVERSION = YES;
				CLANG_WARN_OBJC_ROOT_CLASS = YES_ERROR;
				CLANG_WARN_RANGE_LOOP_ANALYSIS = YES;
				CLANG_WARN_STRICT_PROTOTYPES = YES;
				CLANG_WARN_SUSPICIOUS_MOVE = YES;
				CLANG_WARN_UNGUARDED_AVAILABILITY = YES_AGGRESSIVE;
				CLANG_WARN_UNREACHABLE_CODE = YES;
				CLANG_WARN__DUPLICATE_METHOD_MATCH = YES;
				CODE_SIGN_IDENTITY = "iPhone Developer";
				COPY_PHASE_STRIP = NO;
				DEBUG_INFORMATION_FORMAT = dwarf;
				ENABLE_STRICT_OBJC_MSGSEND = YES;
				ENABLE_TESTABILITY = YES;
				GCC_C_LANGUAGE_STANDARD = gnu11;
				GCC_DYNAMIC_NO_PIC = NO;
				GCC_NO_COMMON_BLOCKS = YES;
				GCC_OPTIMIZATION_LEVEL = 0;
				GCC_PREPROCESSOR_DEFINITIONS = (
					"DEBUG=1",
					"$(inherited)",
				);
				GCC_WARN_64_TO_32_BIT_CONVERSION = YES;
				GCC_WARN_ABOUT_RETURN_TYPE = YES_ERROR;
				GCC_WARN_UNDECLARED_SELECTOR = YES;
				GCC_WARN_UNINITIALIZED_AUTOS = YES_AGGRESSIVE;
				GCC_WARN_UNUSED_FUNCTION = YES;
				GCC_WARN_UNUSED_VARIABLE = YES;
				IPHONEOS_DEPLOYMENT_TARGET = 11.0;
				MTL_ENABLE_DEBUG_INFO = YES;
				ONLY_ACTIVE_ARCH = YES;
				SDKROOT = iphoneos;
				SWIFT_ACTIVE_COMPILATION_CONDITIONS = DEBUG;
				SWIFT_OPTIMIZATION_LEVEL = "-Onone";
			};
			name = Debug;
		};
		742AF4D91F7A592900540A47 /* Release */ = {
			isa = XCBuildConfiguration;
			buildSettings = {
				ALWAYS_SEARCH_USER_PATHS = NO;
				CLANG_ANALYZER_NONNULL = YES;
				CLANG_ANALYZER_NUMBER_OBJECT_CONVERSION = YES_AGGRESSIVE;
				CLANG_CXX_LANGUAGE_STANDARD = "gnu++14";
				CLANG_CXX_LIBRARY = "libc++";
				CLANG_ENABLE_MODULES = YES;
				CLANG_ENABLE_OBJC_ARC = YES;
				CLANG_WARN_BLOCK_CAPTURE_AUTORELEASING = YES;
				CLANG_WARN_BOOL_CONVERSION = YES;
				CLANG_WARN_COMMA = YES;
				CLANG_WARN_CONSTANT_CONVERSION = YES;
				CLANG_WARN_DIRECT_OBJC_ISA_USAGE = YES_ERROR;
				CLANG_WARN_DOCUMENTATION_COMMENTS = YES;
				CLANG_WARN_EMPTY_BODY = YES;
				CLANG_WARN_ENUM_CONVERSION = YES;
				CLANG_WARN_INFINITE_RECURSION = YES;
				CLANG_WARN_INT_CONVERSION = YES;
				CLANG_WARN_NON_LITERAL_NULL_CONVERSION = YES;
				CLANG_WARN_OBJC_LITERAL_CONVERSION = YES;
				CLANG_WARN_OBJC_ROOT_CLASS = YES_ERROR;
				CLANG_WARN_RANGE_LOOP_ANALYSIS = YES;
				CLANG_WARN_STRICT_PROTOTYPES = YES;
				CLANG_WARN_SUSPICIOUS_MOVE = YES;
				CLANG_WARN_UNGUARDED_AVAILABILITY = YES_AGGRESSIVE;
				CLANG_WARN_UNREACHABLE_CODE = YES;
				CLANG_WARN__DUPLICATE_METHOD_MATCH = YES;
				CODE_SIGN_IDENTITY = "iPhone Developer";
				COPY_PHASE_STRIP = NO;
				DEBUG_INFORMATION_FORMAT = "dwarf-with-dsym";
				ENABLE_NS_ASSERTIONS = NO;
				ENABLE_STRICT_OBJC_MSGSEND = YES;
				GCC_C_LANGUAGE_STANDARD = gnu11;
				GCC_NO_COMMON_BLOCKS = YES;
				GCC_WARN_64_TO_32_BIT_CONVERSION = YES;
				GCC_WARN_ABOUT_RETURN_TYPE = YES_ERROR;
				GCC_WARN_UNDECLARED_SELECTOR = YES;
				GCC_WARN_UNINITIALIZED_AUTOS = YES_AGGRESSIVE;
				GCC_WARN_UNUSED_FUNCTION = YES;
				GCC_WARN_UNUSED_VARIABLE = YES;
				IPHONEOS_DEPLOYMENT_TARGET = 11.0;
				MTL_ENABLE_DEBUG_INFO = NO;
				SDKROOT = iphoneos;
				SWIFT_OPTIMIZATION_LEVEL = "-Owholemodule";
				VALIDATE_PRODUCT = YES;
			};
			name = Release;
		};
		742AF4DB1F7A592900540A47 /* Debug */ = {
			isa = XCBuildConfiguration;
			baseConfigurationReference = 4D01AE6794717024EA8CD340 /* Pods-pixel-city.debug.xcconfig */;
			buildSettings = {
				ASSETCATALOG_COMPILER_APPICON_NAME = AppIcon;
				INFOPLIST_FILE = "pixel-city/Info.plist";
				LD_RUNPATH_SEARCH_PATHS = "$(inherited) @executable_path/Frameworks";
				PRODUCT_BUNDLE_IDENTIFIER = "com.justinseymour.pixel-city";
				PRODUCT_NAME = "$(TARGET_NAME)";
				SWIFT_VERSION = 4.0;
				TARGETED_DEVICE_FAMILY = "1,2";
			};
			name = Debug;
		};
		742AF4DC1F7A592900540A47 /* Release */ = {
			isa = XCBuildConfiguration;
			baseConfigurationReference = 1FAE5B86D314A96760C8E74C /* Pods-pixel-city.release.xcconfig */;
			buildSettings = {
				ASSETCATALOG_COMPILER_APPICON_NAME = AppIcon;
				INFOPLIST_FILE = "pixel-city/Info.plist";
				LD_RUNPATH_SEARCH_PATHS = "$(inherited) @executable_path/Frameworks";
				PRODUCT_BUNDLE_IDENTIFIER = "com.justinseymour.pixel-city";
				PRODUCT_NAME = "$(TARGET_NAME)";
				SWIFT_VERSION = 4.0;
				TARGETED_DEVICE_FAMILY = "1,2";
			};
			name = Release;
		};
/* End XCBuildConfiguration section */

/* Begin XCConfigurationList section */
		742AF4C31F7A592900540A47 /* Build configuration list for PBXProject "pixel-city" */ = {
			isa = XCConfigurationList;
			buildConfigurations = (
				742AF4D81F7A592900540A47 /* Debug */,
				742AF4D91F7A592900540A47 /* Release */,
			);
			defaultConfigurationIsVisible = 0;
			defaultConfigurationName = Release;
		};
		742AF4DA1F7A592900540A47 /* Build configuration list for PBXNativeTarget "pixel-city" */ = {
			isa = XCConfigurationList;
			buildConfigurations = (
				742AF4DB1F7A592900540A47 /* Debug */,
				742AF4DC1F7A592900540A47 /* Release */,
			);
			defaultConfigurationIsVisible = 0;
			defaultConfigurationName = Release;
		};
/* End XCConfigurationList section */
	};
	rootObject = 742AF4C01F7A592900540A47 /* Project object */;
}
